// !$*UTF8*$!
{
	archiveVersion = 1;
	classes = {
	};
	objectVersion = 50;
	objects = {

/* Begin PBXBuildFile section */
		2817F5C620B0BD640066614D /* Icons.swift in Sources */ = {isa = PBXBuildFile; fileRef = 2817F5C520B0BD640066614D /* Icons.swift */; };
		281C2D2620ADB01600B9FF7A /* ApiManager.swift in Sources */ = {isa = PBXBuildFile; fileRef = 281C2D2520ADB01600B9FF7A /* ApiManager.swift */; };
		281C2D2920ADB03100B9FF7A /* URLSessionProtocol.swift in Sources */ = {isa = PBXBuildFile; fileRef = 281C2D2820ADB03100B9FF7A /* URLSessionProtocol.swift */; };
		281C2D2D20ADB07100B9FF7A /* Request.swift in Sources */ = {isa = PBXBuildFile; fileRef = 281C2D2C20ADB07100B9FF7A /* Request.swift */; };
		281C2D3020ADB0FF00B9FF7A /* Response.swift in Sources */ = {isa = PBXBuildFile; fileRef = 281C2D2F20ADB0FF00B9FF7A /* Response.swift */; };
		281C2D3320ADB11500B9FF7A /* ApiError.swift in Sources */ = {isa = PBXBuildFile; fileRef = 281C2D3220ADB11500B9FF7A /* ApiError.swift */; };
		281C2D3620ADB14900B9FF7A /* Parser.swift in Sources */ = {isa = PBXBuildFile; fileRef = 281C2D3520ADB14900B9FF7A /* Parser.swift */; };
		281C2D3820ADB2F100B9FF7A /* ApiManagerImplAsyncTests.swift in Sources */ = {isa = PBXBuildFile; fileRef = 281C2D3720ADB2F100B9FF7A /* ApiManagerImplAsyncTests.swift */; };
		281C2D3A20ADB34E00B9FF7A /* ProjectsGetRequest.swift in Sources */ = {isa = PBXBuildFile; fileRef = 281C2D3920ADB34E00B9FF7A /* ProjectsGetRequest.swift */; };
		281C2D4020ADB55F00B9FF7A /* ProjectsRequestResponse.swift in Sources */ = {isa = PBXBuildFile; fileRef = 281C2D3B20ADB55F00B9FF7A /* ProjectsRequestResponse.swift */; };
		281C2D4220ADB55F00B9FF7A /* Project.swift in Sources */ = {isa = PBXBuildFile; fileRef = 281C2D3D20ADB55F00B9FF7A /* Project.swift */; };
		281C2D4420ADB55F00B9FF7A /* Cover.swift in Sources */ = {isa = PBXBuildFile; fileRef = 281C2D3F20ADB55F00B9FF7A /* Cover.swift */; };
		281C2D4720ADD2B100B9FF7A /* ProjectService.swift in Sources */ = {isa = PBXBuildFile; fileRef = 281C2D4620ADD2B100B9FF7A /* ProjectService.swift */; };
		281C2D4920ADD34700B9FF7A /* ProjectViewModel.swift in Sources */ = {isa = PBXBuildFile; fileRef = 281C2D4820ADD34700B9FF7A /* ProjectViewModel.swift */; };
		281C2D4C20ADD5CC00B9FF7A /* ProjectServiceImpl.swift in Sources */ = {isa = PBXBuildFile; fileRef = 281C2D4B20ADD5CC00B9FF7A /* ProjectServiceImpl.swift */; };
		281C2D6E20AF1D4D00B9FF7A /* ProjectsServiceImplTests.swift in Sources */ = {isa = PBXBuildFile; fileRef = 281C2D6D20AF1D4D00B9FF7A /* ProjectsServiceImplTests.swift */; };
		283B82F120AF1E81006E76A8 /* ApiManagerImpl.swift in Sources */ = {isa = PBXBuildFile; fileRef = 283B82F020AF1E81006E76A8 /* ApiManagerImpl.swift */; };
		283B82F320AF1ECE006E76A8 /* ApiManagerMock.swift in Sources */ = {isa = PBXBuildFile; fileRef = 283B82F220AF1ECE006E76A8 /* ApiManagerMock.swift */; };
		283B82F520AF2014006E76A8 /* FileNamager.swift in Sources */ = {isa = PBXBuildFile; fileRef = 283B82F420AF2014006E76A8 /* FileNamager.swift */; };
		283B82F820AF2259006E76A8 /* projectsResponse.json in Resources */ = {isa = PBXBuildFile; fileRef = 283B82F720AF2259006E76A8 /* projectsResponse.json */; };
		283B82FA20AF55FF006E76A8 /* ProjectCell.swift in Sources */ = {isa = PBXBuildFile; fileRef = 283B82F920AF55FF006E76A8 /* ProjectCell.swift */; };
		283B82FC20AF6984006E76A8 /* ProjectDetailsViewController.swift in Sources */ = {isa = PBXBuildFile; fileRef = 283B82FB20AF6984006E76A8 /* ProjectDetailsViewController.swift */; };
		2896A51F20AD89D300F3292A /* AppDelegate.swift in Sources */ = {isa = PBXBuildFile; fileRef = 2896A51E20AD89D300F3292A /* AppDelegate.swift */; };
		2896A52120AD89D300F3292A /* ProjectsViewController.swift in Sources */ = {isa = PBXBuildFile; fileRef = 2896A52020AD89D300F3292A /* ProjectsViewController.swift */; };
		2896A52420AD89D300F3292A /* Main.storyboard in Resources */ = {isa = PBXBuildFile; fileRef = 2896A52220AD89D300F3292A /* Main.storyboard */; };
		2896A52620AD89D400F3292A /* Assets.xcassets in Resources */ = {isa = PBXBuildFile; fileRef = 2896A52520AD89D400F3292A /* Assets.xcassets */; };
		2896A52920AD89D400F3292A /* LaunchScreen.storyboard in Resources */ = {isa = PBXBuildFile; fileRef = 2896A52720AD89D400F3292A /* LaunchScreen.storyboard */; };
		2896A54A20AD8D8C00F3292A /* OpenSans-ExtraBold.ttf in Resources */ = {isa = PBXBuildFile; fileRef = 2896A54020AD8D8A00F3292A /* OpenSans-ExtraBold.ttf */; };
		2896A54B20AD8D8C00F3292A /* OpenSans-BoldItalic.ttf in Resources */ = {isa = PBXBuildFile; fileRef = 2896A54120AD8D8A00F3292A /* OpenSans-BoldItalic.ttf */; };
		2896A54C20AD8D8C00F3292A /* OpenSans-Italic.ttf in Resources */ = {isa = PBXBuildFile; fileRef = 2896A54220AD8D8A00F3292A /* OpenSans-Italic.ttf */; };
		2896A54D20AD8D8C00F3292A /* OpenSans-Regular.ttf in Resources */ = {isa = PBXBuildFile; fileRef = 2896A54320AD8D8B00F3292A /* OpenSans-Regular.ttf */; };
		2896A54E20AD8D8C00F3292A /* OpenSans-Light.ttf in Resources */ = {isa = PBXBuildFile; fileRef = 2896A54420AD8D8B00F3292A /* OpenSans-Light.ttf */; };
		2896A54F20AD8D8C00F3292A /* OpenSans-Bold.ttf in Resources */ = {isa = PBXBuildFile; fileRef = 2896A54520AD8D8B00F3292A /* OpenSans-Bold.ttf */; };
		2896A55020AD8D8C00F3292A /* OpenSans-ExtraBoldItalic.ttf in Resources */ = {isa = PBXBuildFile; fileRef = 2896A54620AD8D8B00F3292A /* OpenSans-ExtraBoldItalic.ttf */; };
		2896A55120AD8D8C00F3292A /* OpenSans-LightItalic.ttf in Resources */ = {isa = PBXBuildFile; fileRef = 2896A54720AD8D8B00F3292A /* OpenSans-LightItalic.ttf */; };
		2896A55220AD8D8C00F3292A /* OpenSans-Semibold.ttf in Resources */ = {isa = PBXBuildFile; fileRef = 2896A54820AD8D8B00F3292A /* OpenSans-Semibold.ttf */; };
		2896A55320AD8D8C00F3292A /* OpenSans-SemiboldItalic.ttf in Resources */ = {isa = PBXBuildFile; fileRef = 2896A54920AD8D8B00F3292A /* OpenSans-SemiboldItalic.ttf */; };
		2896A55920ADA15B00F3292A /* AppColor.swift in Sources */ = {isa = PBXBuildFile; fileRef = 2896A55720ADA15B00F3292A /* AppColor.swift */; };
		2896A55A20ADA15B00F3292A /* AppFont.swift in Sources */ = {isa = PBXBuildFile; fileRef = 2896A55820ADA15B00F3292A /* AppFont.swift */; };
		28A3A17E20B0622C0006415F /* ImageLoaderProtocol.swift in Sources */ = {isa = PBXBuildFile; fileRef = 28A3A17D20B0622C0006415F /* ImageLoaderProtocol.swift */; };
		28A3A18020B07FB70006415F /* ImageProvider.swift in Sources */ = {isa = PBXBuildFile; fileRef = 28A3A17F20B07FB70006415F /* ImageProvider.swift */; };
		28A3A18420B080FD0006415F /* AsyncOperation.swift in Sources */ = {isa = PBXBuildFile; fileRef = 28A3A18320B080FD0006415F /* AsyncOperation.swift */; };
		28A3A18620B083590006415F /* DataLoadOperation.swift in Sources */ = {isa = PBXBuildFile; fileRef = 28A3A18520B083590006415F /* DataLoadOperation.swift */; };
		28A3A18820B085320006415F /* NetworkManager.swift in Sources */ = {isa = PBXBuildFile; fileRef = 28A3A18720B085320006415F /* NetworkManager.swift */; };
		28A3A18B20B08AD50006415F /* ImageOutputOperation.swift in Sources */ = {isa = PBXBuildFile; fileRef = 28A3A18A20B08AD50006415F /* ImageOutputOperation.swift */; };
		28A3A18D20B08B1E0006415F /* ImageProcessingOperation.swift in Sources */ = {isa = PBXBuildFile; fileRef = 28A3A18C20B08B1E0006415F /* ImageProcessingOperation.swift */; };
		28A3A19020B09C1A0006415F /* ImageDecompressionOperation.swift in Sources */ = {isa = PBXBuildFile; fileRef = 28A3A18F20B09C1A0006415F /* ImageDecompressionOperation.swift */; };
		28F8331C20ADA1C9002099C1 /* UIColor.swift in Sources */ = {isa = PBXBuildFile; fileRef = 28F8331B20ADA1C9002099C1 /* UIColor.swift */; };
/* End PBXBuildFile section */

/* Begin PBXContainerItemProxy section */
		2896A53020AD89D400F3292A /* PBXContainerItemProxy */ = {
			isa = PBXContainerItemProxy;
			containerPortal = 2896A51320AD89D300F3292A /* Project object */;
			proxyType = 1;
			remoteGlobalIDString = 2896A51A20AD89D300F3292A;
			remoteInfo = ArtStationClassic;
		};
/* End PBXContainerItemProxy section */

/* Begin PBXFileReference section */
		2817F5C520B0BD640066614D /* Icons.swift */ = {isa = PBXFileReference; fileEncoding = 4; lastKnownFileType = sourcecode.swift; path = Icons.swift; sourceTree = "<group>"; };
		281C2D2520ADB01600B9FF7A /* ApiManager.swift */ = {isa = PBXFileReference; fileEncoding = 4; lastKnownFileType = sourcecode.swift; path = ApiManager.swift; sourceTree = "<group>"; };
		281C2D2820ADB03100B9FF7A /* URLSessionProtocol.swift */ = {isa = PBXFileReference; fileEncoding = 4; lastKnownFileType = sourcecode.swift; path = URLSessionProtocol.swift; sourceTree = "<group>"; };
		281C2D2C20ADB07100B9FF7A /* Request.swift */ = {isa = PBXFileReference; fileEncoding = 4; lastKnownFileType = sourcecode.swift; path = Request.swift; sourceTree = "<group>"; };
		281C2D2F20ADB0FF00B9FF7A /* Response.swift */ = {isa = PBXFileReference; fileEncoding = 4; lastKnownFileType = sourcecode.swift; path = Response.swift; sourceTree = "<group>"; };
		281C2D3220ADB11500B9FF7A /* ApiError.swift */ = {isa = PBXFileReference; fileEncoding = 4; lastKnownFileType = sourcecode.swift; path = ApiError.swift; sourceTree = "<group>"; };
		281C2D3520ADB14900B9FF7A /* Parser.swift */ = {isa = PBXFileReference; fileEncoding = 4; lastKnownFileType = sourcecode.swift; path = Parser.swift; sourceTree = "<group>"; };
		281C2D3720ADB2F100B9FF7A /* ApiManagerImplAsyncTests.swift */ = {isa = PBXFileReference; fileEncoding = 4; lastKnownFileType = sourcecode.swift; path = ApiManagerImplAsyncTests.swift; sourceTree = "<group>"; };
		281C2D3920ADB34E00B9FF7A /* ProjectsGetRequest.swift */ = {isa = PBXFileReference; fileEncoding = 4; lastKnownFileType = sourcecode.swift; path = ProjectsGetRequest.swift; sourceTree = "<group>"; };
		281C2D3B20ADB55F00B9FF7A /* ProjectsRequestResponse.swift */ = {isa = PBXFileReference; fileEncoding = 4; lastKnownFileType = sourcecode.swift; path = ProjectsRequestResponse.swift; sourceTree = "<group>"; };
		281C2D3D20ADB55F00B9FF7A /* Project.swift */ = {isa = PBXFileReference; fileEncoding = 4; lastKnownFileType = sourcecode.swift; path = Project.swift; sourceTree = "<group>"; };
		281C2D3F20ADB55F00B9FF7A /* Cover.swift */ = {isa = PBXFileReference; fileEncoding = 4; lastKnownFileType = sourcecode.swift; path = Cover.swift; sourceTree = "<group>"; };
		281C2D4620ADD2B100B9FF7A /* ProjectService.swift */ = {isa = PBXFileReference; lastKnownFileType = sourcecode.swift; path = ProjectService.swift; sourceTree = "<group>"; };
		281C2D4820ADD34700B9FF7A /* ProjectViewModel.swift */ = {isa = PBXFileReference; lastKnownFileType = sourcecode.swift; path = ProjectViewModel.swift; sourceTree = "<group>"; };
		281C2D4B20ADD5CC00B9FF7A /* ProjectServiceImpl.swift */ = {isa = PBXFileReference; lastKnownFileType = sourcecode.swift; path = ProjectServiceImpl.swift; sourceTree = "<group>"; };
		281C2D6D20AF1D4D00B9FF7A /* ProjectsServiceImplTests.swift */ = {isa = PBXFileReference; lastKnownFileType = sourcecode.swift; path = ProjectsServiceImplTests.swift; sourceTree = "<group>"; };
		283B82F020AF1E81006E76A8 /* ApiManagerImpl.swift */ = {isa = PBXFileReference; lastKnownFileType = sourcecode.swift; path = ApiManagerImpl.swift; sourceTree = "<group>"; };
		283B82F220AF1ECE006E76A8 /* ApiManagerMock.swift */ = {isa = PBXFileReference; lastKnownFileType = sourcecode.swift; path = ApiManagerMock.swift; sourceTree = "<group>"; };
		283B82F420AF2014006E76A8 /* FileNamager.swift */ = {isa = PBXFileReference; fileEncoding = 4; lastKnownFileType = sourcecode.swift; path = FileNamager.swift; sourceTree = "<group>"; };
		283B82F720AF2259006E76A8 /* projectsResponse.json */ = {isa = PBXFileReference; fileEncoding = 4; lastKnownFileType = text.json; path = projectsResponse.json; sourceTree = "<group>"; };
		283B82F920AF55FF006E76A8 /* ProjectCell.swift */ = {isa = PBXFileReference; lastKnownFileType = sourcecode.swift; path = ProjectCell.swift; sourceTree = "<group>"; };
		283B82FB20AF6984006E76A8 /* ProjectDetailsViewController.swift */ = {isa = PBXFileReference; lastKnownFileType = sourcecode.swift; path = ProjectDetailsViewController.swift; sourceTree = "<group>"; };
		2896A51B20AD89D300F3292A /* ArtStationClassic.app */ = {isa = PBXFileReference; explicitFileType = wrapper.application; includeInIndex = 0; path = ArtStationClassic.app; sourceTree = BUILT_PRODUCTS_DIR; };
		2896A51E20AD89D300F3292A /* AppDelegate.swift */ = {isa = PBXFileReference; lastKnownFileType = sourcecode.swift; path = AppDelegate.swift; sourceTree = "<group>"; };
		2896A52020AD89D300F3292A /* ProjectsViewController.swift */ = {isa = PBXFileReference; lastKnownFileType = sourcecode.swift; path = ProjectsViewController.swift; sourceTree = "<group>"; };
		2896A52320AD89D300F3292A /* Base */ = {isa = PBXFileReference; lastKnownFileType = file.storyboard; name = Base; path = Base.lproj/Main.storyboard; sourceTree = "<group>"; };
		2896A52520AD89D400F3292A /* Assets.xcassets */ = {isa = PBXFileReference; lastKnownFileType = folder.assetcatalog; path = Assets.xcassets; sourceTree = "<group>"; };
		2896A52820AD89D400F3292A /* Base */ = {isa = PBXFileReference; lastKnownFileType = file.storyboard; name = Base; path = Base.lproj/LaunchScreen.storyboard; sourceTree = "<group>"; };
		2896A52A20AD89D400F3292A /* Info.plist */ = {isa = PBXFileReference; lastKnownFileType = text.plist.xml; path = Info.plist; sourceTree = "<group>"; };
		2896A52F20AD89D400F3292A /* ArtStationClassicTests.xctest */ = {isa = PBXFileReference; explicitFileType = wrapper.cfbundle; includeInIndex = 0; path = ArtStationClassicTests.xctest; sourceTree = BUILT_PRODUCTS_DIR; };
		2896A53520AD89D400F3292A /* Info.plist */ = {isa = PBXFileReference; lastKnownFileType = text.plist.xml; path = Info.plist; sourceTree = "<group>"; };
		2896A54020AD8D8A00F3292A /* OpenSans-ExtraBold.ttf */ = {isa = PBXFileReference; lastKnownFileType = file; path = "OpenSans-ExtraBold.ttf"; sourceTree = "<group>"; };
		2896A54120AD8D8A00F3292A /* OpenSans-BoldItalic.ttf */ = {isa = PBXFileReference; lastKnownFileType = file; path = "OpenSans-BoldItalic.ttf"; sourceTree = "<group>"; };
		2896A54220AD8D8A00F3292A /* OpenSans-Italic.ttf */ = {isa = PBXFileReference; lastKnownFileType = file; path = "OpenSans-Italic.ttf"; sourceTree = "<group>"; };
		2896A54320AD8D8B00F3292A /* OpenSans-Regular.ttf */ = {isa = PBXFileReference; lastKnownFileType = file; path = "OpenSans-Regular.ttf"; sourceTree = "<group>"; };
		2896A54420AD8D8B00F3292A /* OpenSans-Light.ttf */ = {isa = PBXFileReference; lastKnownFileType = file; path = "OpenSans-Light.ttf"; sourceTree = "<group>"; };
		2896A54520AD8D8B00F3292A /* OpenSans-Bold.ttf */ = {isa = PBXFileReference; lastKnownFileType = file; path = "OpenSans-Bold.ttf"; sourceTree = "<group>"; };
		2896A54620AD8D8B00F3292A /* OpenSans-ExtraBoldItalic.ttf */ = {isa = PBXFileReference; lastKnownFileType = file; path = "OpenSans-ExtraBoldItalic.ttf"; sourceTree = "<group>"; };
		2896A54720AD8D8B00F3292A /* OpenSans-LightItalic.ttf */ = {isa = PBXFileReference; lastKnownFileType = file; path = "OpenSans-LightItalic.ttf"; sourceTree = "<group>"; };
		2896A54820AD8D8B00F3292A /* OpenSans-Semibold.ttf */ = {isa = PBXFileReference; lastKnownFileType = file; path = "OpenSans-Semibold.ttf"; sourceTree = "<group>"; };
		2896A54920AD8D8B00F3292A /* OpenSans-SemiboldItalic.ttf */ = {isa = PBXFileReference; lastKnownFileType = file; path = "OpenSans-SemiboldItalic.ttf"; sourceTree = "<group>"; };
		2896A55720ADA15B00F3292A /* AppColor.swift */ = {isa = PBXFileReference; fileEncoding = 4; lastKnownFileType = sourcecode.swift; path = AppColor.swift; sourceTree = "<group>"; };
		2896A55820ADA15B00F3292A /* AppFont.swift */ = {isa = PBXFileReference; fileEncoding = 4; lastKnownFileType = sourcecode.swift; path = AppFont.swift; sourceTree = "<group>"; };
		28A3A17D20B0622C0006415F /* ImageLoaderProtocol.swift */ = {isa = PBXFileReference; lastKnownFileType = sourcecode.swift; path = ImageLoaderProtocol.swift; sourceTree = "<group>"; };
		28A3A17F20B07FB70006415F /* ImageProvider.swift */ = {isa = PBXFileReference; lastKnownFileType = sourcecode.swift; path = ImageProvider.swift; sourceTree = "<group>"; };
		28A3A18320B080FD0006415F /* AsyncOperation.swift */ = {isa = PBXFileReference; lastKnownFileType = sourcecode.swift; path = AsyncOperation.swift; sourceTree = "<group>"; };
		28A3A18520B083590006415F /* DataLoadOperation.swift */ = {isa = PBXFileReference; lastKnownFileType = sourcecode.swift; path = DataLoadOperation.swift; sourceTree = "<group>"; };
		28A3A18720B085320006415F /* NetworkManager.swift */ = {isa = PBXFileReference; lastKnownFileType = sourcecode.swift; path = NetworkManager.swift; sourceTree = "<group>"; };
		28A3A18A20B08AD50006415F /* ImageOutputOperation.swift */ = {isa = PBXFileReference; lastKnownFileType = sourcecode.swift; path = ImageOutputOperation.swift; sourceTree = "<group>"; };
		28A3A18C20B08B1E0006415F /* ImageProcessingOperation.swift */ = {isa = PBXFileReference; lastKnownFileType = sourcecode.swift; path = ImageProcessingOperation.swift; sourceTree = "<group>"; };
		28A3A18F20B09C1A0006415F /* ImageDecompressionOperation.swift */ = {isa = PBXFileReference; lastKnownFileType = sourcecode.swift; path = ImageDecompressionOperation.swift; sourceTree = "<group>"; };
		28F8331B20ADA1C9002099C1 /* UIColor.swift */ = {isa = PBXFileReference; fileEncoding = 4; lastKnownFileType = sourcecode.swift; path = UIColor.swift; sourceTree = "<group>"; };
/* End PBXFileReference section */

/* Begin PBXFrameworksBuildPhase section */
		2896A51820AD89D300F3292A /* Frameworks */ = {
			isa = PBXFrameworksBuildPhase;
			buildActionMask = 2147483647;
			files = (
			);
			runOnlyForDeploymentPostprocessing = 0;
		};
		2896A52C20AD89D400F3292A /* Frameworks */ = {
			isa = PBXFrameworksBuildPhase;
			buildActionMask = 2147483647;
			files = (
			);
			runOnlyForDeploymentPostprocessing = 0;
		};
/* End PBXFrameworksBuildPhase section */

/* Begin PBXGroup section */
		281C2D2020ADA2B700B9FF7A /* Extensions */ = {
			isa = PBXGroup;
			children = (
				28F8331B20ADA1C9002099C1 /* UIColor.swift */,
				283B82F420AF2014006E76A8 /* FileNamager.swift */,
			);
			path = Extensions;
			sourceTree = "<group>";
		};
		281C2D2120ADA94500B9FF7A /* ViewControllers */ = {
			isa = PBXGroup;
			children = (
				2896A52020AD89D300F3292A /* ProjectsViewController.swift */,
				283B82FB20AF6984006E76A8 /* ProjectDetailsViewController.swift */,
			);
			path = ViewControllers;
			sourceTree = "<group>";
		};
		281C2D2220ADA94F00B9FF7A /* Views */ = {
			isa = PBXGroup;
			children = (
				283B82F920AF55FF006E76A8 /* ProjectCell.swift */,
				28A3A17D20B0622C0006415F /* ImageLoaderProtocol.swift */,
			);
			path = Views;
			sourceTree = "<group>";
		};
		281C2D2320ADA95600B9FF7A /* Models */ = {
			isa = PBXGroup;
			children = (
				281C2D3B20ADB55F00B9FF7A /* ProjectsRequestResponse.swift */,
				281C2D3D20ADB55F00B9FF7A /* Project.swift */,
				281C2D3F20ADB55F00B9FF7A /* Cover.swift */,
				2817F5C520B0BD640066614D /* Icons.swift */,
			);
			path = Models;
			sourceTree = "<group>";
		};
		281C2D2420ADAFF200B9FF7A /* ApiManager */ = {
			isa = PBXGroup;
			children = (
				281C2D2520ADB01600B9FF7A /* ApiManager.swift */,
				283B82F020AF1E81006E76A8 /* ApiManagerImpl.swift */,
				281C2D3120ADB11500B9FF7A /* ApiError */,
				281C2D2720ADB03100B9FF7A /* Protocols */,
				281C2D2A20ADB04600B9FF7A /* Requests */,
				281C2D2B20ADB05000B9FF7A /* Responses */,
				281C2D3420ADB14900B9FF7A /* Parser */,
			);
			path = ApiManager;
			sourceTree = "<group>";
		};
		281C2D2720ADB03100B9FF7A /* Protocols */ = {
			isa = PBXGroup;
			children = (
				281C2D2820ADB03100B9FF7A /* URLSessionProtocol.swift */,
			);
			path = Protocols;
			sourceTree = "<group>";
		};
		281C2D2A20ADB04600B9FF7A /* Requests */ = {
			isa = PBXGroup;
			children = (
				281C2D2C20ADB07100B9FF7A /* Request.swift */,
				281C2D3920ADB34E00B9FF7A /* ProjectsGetRequest.swift */,
			);
			path = Requests;
			sourceTree = "<group>";
		};
		281C2D2B20ADB05000B9FF7A /* Responses */ = {
			isa = PBXGroup;
			children = (
				281C2D2F20ADB0FF00B9FF7A /* Response.swift */,
			);
			path = Responses;
			sourceTree = "<group>";
		};
		281C2D3120ADB11500B9FF7A /* ApiError */ = {
			isa = PBXGroup;
			children = (
				281C2D3220ADB11500B9FF7A /* ApiError.swift */,
			);
			path = ApiError;
			sourceTree = "<group>";
		};
		281C2D3420ADB14900B9FF7A /* Parser */ = {
			isa = PBXGroup;
			children = (
				281C2D3520ADB14900B9FF7A /* Parser.swift */,
			);
			path = Parser;
			sourceTree = "<group>";
		};
		281C2D4520ADD27E00B9FF7A /* Services */ = {
			isa = PBXGroup;
			children = (
				281C2D4620ADD2B100B9FF7A /* ProjectService.swift */,
				281C2D4B20ADD5CC00B9FF7A /* ProjectServiceImpl.swift */,
				28A3A17F20B07FB70006415F /* ImageProvider.swift */,
			);
			path = Services;
			sourceTree = "<group>";
		};
		281C2D4A20ADD36300B9FF7A /* ViewModels */ = {
			isa = PBXGroup;
			children = (
				281C2D4820ADD34700B9FF7A /* ProjectViewModel.swift */,
			);
			path = ViewModels;
			sourceTree = "<group>";
		};
		281C2D6B20AF1D1200B9FF7A /* ApiManagersTests */ = {
			isa = PBXGroup;
			children = (
				281C2D3720ADB2F100B9FF7A /* ApiManagerImplAsyncTests.swift */,
			);
			path = ApiManagersTests;
			sourceTree = "<group>";
		};
		281C2D6C20AF1D1D00B9FF7A /* ProjectServiceTests */ = {
			isa = PBXGroup;
			children = (
				281C2D6D20AF1D4D00B9FF7A /* ProjectsServiceImplTests.swift */,
				283B82F220AF1ECE006E76A8 /* ApiManagerMock.swift */,
				283B82F720AF2259006E76A8 /* projectsResponse.json */,
			);
			path = ProjectServiceTests;
			sourceTree = "<group>";
		};
		283B82F620AF20B5006E76A8 /* Core */ = {
			isa = PBXGroup;
			children = (
				281C2D2420ADAFF200B9FF7A /* ApiManager */,
				28A3A18920B085370006415F /* NetworkManager */,
			);
			path = Core;
			sourceTree = "<group>";
		};
		2896A51220AD89D200F3292A = {
			isa = PBXGroup;
			children = (
				2896A51D20AD89D300F3292A /* ArtStationClassic */,
				2896A53220AD89D400F3292A /* ArtStationClassicTests */,
				2896A51C20AD89D300F3292A /* Products */,
			);
			sourceTree = "<group>";
		};
		2896A51C20AD89D300F3292A /* Products */ = {
			isa = PBXGroup;
			children = (
				2896A51B20AD89D300F3292A /* ArtStationClassic.app */,
				2896A52F20AD89D400F3292A /* ArtStationClassicTests.xctest */,
			);
			name = Products;
			sourceTree = "<group>";
		};
		2896A51D20AD89D300F3292A /* ArtStationClassic */ = {
			isa = PBXGroup;
			children = (
				2896A55420AD9E7A00F3292A /* App */,
				281C2D2320ADA95600B9FF7A /* Models */,
				281C2D2220ADA94F00B9FF7A /* Views */,
				281C2D4A20ADD36300B9FF7A /* ViewModels */,
				281C2D2120ADA94500B9FF7A /* ViewControllers */,
				281C2D4520ADD27E00B9FF7A /* Services */,
				28A3A18120B0809D0006415F /* Operations */,
				283B82F620AF20B5006E76A8 /* Core */,
				2896A55620ADA13900F3292A /* Constants */,
				281C2D2020ADA2B700B9FF7A /* Extensions */,
				2896A53E20AD8D5F00F3292A /* Resources */,
				2896A55520AD9EAB00F3292A /* Storyboards */,
			);
			path = ArtStationClassic;
			sourceTree = "<group>";
		};
		2896A53220AD89D400F3292A /* ArtStationClassicTests */ = {
			isa = PBXGroup;
			children = (
				281C2D6B20AF1D1200B9FF7A /* ApiManagersTests */,
				281C2D6C20AF1D1D00B9FF7A /* ProjectServiceTests */,
				2896A53520AD89D400F3292A /* Info.plist */,
			);
			path = ArtStationClassicTests;
			sourceTree = "<group>";
		};
		2896A53E20AD8D5F00F3292A /* Resources */ = {
			isa = PBXGroup;
			children = (
				2896A53F20AD8D7100F3292A /* Fonts */,
				2896A52520AD89D400F3292A /* Assets.xcassets */,
			);
			path = Resources;
			sourceTree = "<group>";
		};
		2896A53F20AD8D7100F3292A /* Fonts */ = {
			isa = PBXGroup;
			children = (
				2896A54520AD8D8B00F3292A /* OpenSans-Bold.ttf */,
				2896A54120AD8D8A00F3292A /* OpenSans-BoldItalic.ttf */,
				2896A54020AD8D8A00F3292A /* OpenSans-ExtraBold.ttf */,
				2896A54620AD8D8B00F3292A /* OpenSans-ExtraBoldItalic.ttf */,
				2896A54220AD8D8A00F3292A /* OpenSans-Italic.ttf */,
				2896A54420AD8D8B00F3292A /* OpenSans-Light.ttf */,
				2896A54720AD8D8B00F3292A /* OpenSans-LightItalic.ttf */,
				2896A54320AD8D8B00F3292A /* OpenSans-Regular.ttf */,
				2896A54820AD8D8B00F3292A /* OpenSans-Semibold.ttf */,
				2896A54920AD8D8B00F3292A /* OpenSans-SemiboldItalic.ttf */,
			);
			path = Fonts;
			sourceTree = "<group>";
		};
		2896A55420AD9E7A00F3292A /* App */ = {
			isa = PBXGroup;
			children = (
				2896A51E20AD89D300F3292A /* AppDelegate.swift */,
				2896A52A20AD89D400F3292A /* Info.plist */,
			);
			path = App;
			sourceTree = "<group>";
		};
		2896A55520AD9EAB00F3292A /* Storyboards */ = {
			isa = PBXGroup;
			children = (
				2896A52220AD89D300F3292A /* Main.storyboard */,
				2896A52720AD89D400F3292A /* LaunchScreen.storyboard */,
			);
			path = Storyboards;
			sourceTree = "<group>";
		};
		2896A55620ADA13900F3292A /* Constants */ = {
			isa = PBXGroup;
			children = (
				2896A55720ADA15B00F3292A /* AppColor.swift */,
				2896A55820ADA15B00F3292A /* AppFont.swift */,
			);
			path = Constants;
			sourceTree = "<group>";
		};
		28A3A18120B0809D0006415F /* Operations */ = {
			isa = PBXGroup;
			children = (
				28A3A18E20B08B470006415F /* Abstract */,
				28A3A18520B083590006415F /* DataLoadOperation.swift */,
				28A3A18F20B09C1A0006415F /* ImageDecompressionOperation.swift */,
				28A3A18A20B08AD50006415F /* ImageOutputOperation.swift */,
			);
			path = Operations;
			sourceTree = "<group>";
		};
		28A3A18920B085370006415F /* NetworkManager */ = {
			isa = PBXGroup;
			children = (
				28A3A18720B085320006415F /* NetworkManager.swift */,
			);
			path = NetworkManager;
			sourceTree = "<group>";
		};
		28A3A18E20B08B470006415F /* Abstract */ = {
			isa = PBXGroup;
			children = (
				28A3A18320B080FD0006415F /* AsyncOperation.swift */,
				28A3A18C20B08B1E0006415F /* ImageProcessingOperation.swift */,
			);
			path = Abstract;
			sourceTree = "<group>";
		};
/* End PBXGroup section */

/* Begin PBXNativeTarget section */
		2896A51A20AD89D300F3292A /* ArtStationClassic */ = {
			isa = PBXNativeTarget;
			buildConfigurationList = 2896A53820AD89D400F3292A /* Build configuration list for PBXNativeTarget "ArtStationClassic" */;
			buildPhases = (
				2896A51720AD89D300F3292A /* Sources */,
				2896A51820AD89D300F3292A /* Frameworks */,
				2896A51920AD89D300F3292A /* Resources */,
				281C2D2E20ADB0CC00B9FF7A /* TODO & FIXME Scripts */,
			);
			buildRules = (
			);
			dependencies = (
			);
			name = ArtStationClassic;
			productName = ArtStationClassic;
			productReference = 2896A51B20AD89D300F3292A /* ArtStationClassic.app */;
			productType = "com.apple.product-type.application";
		};
		2896A52E20AD89D400F3292A /* ArtStationClassicTests */ = {
			isa = PBXNativeTarget;
			buildConfigurationList = 2896A53B20AD89D400F3292A /* Build configuration list for PBXNativeTarget "ArtStationClassicTests" */;
			buildPhases = (
				2896A52B20AD89D400F3292A /* Sources */,
				2896A52C20AD89D400F3292A /* Frameworks */,
				2896A52D20AD89D400F3292A /* Resources */,
			);
			buildRules = (
			);
			dependencies = (
				2896A53120AD89D400F3292A /* PBXTargetDependency */,
			);
			name = ArtStationClassicTests;
			productName = ArtStationClassicTests;
			productReference = 2896A52F20AD89D400F3292A /* ArtStationClassicTests.xctest */;
			productType = "com.apple.product-type.bundle.unit-test";
		};
/* End PBXNativeTarget section */

/* Begin PBXProject section */
		2896A51320AD89D300F3292A /* Project object */ = {
			isa = PBXProject;
			attributes = {
				LastSwiftUpdateCheck = 0930;
				LastUpgradeCheck = 0930;
				ORGANIZATIONNAME = "Oleg Pavlichenkov";
				TargetAttributes = {
					2896A51A20AD89D300F3292A = {
						CreatedOnToolsVersion = 9.3.1;
					};
					2896A52E20AD89D400F3292A = {
						CreatedOnToolsVersion = 9.3.1;
						TestTargetID = 2896A51A20AD89D300F3292A;
					};
				};
			};
			buildConfigurationList = 2896A51620AD89D300F3292A /* Build configuration list for PBXProject "ArtStationClassic" */;
			compatibilityVersion = "Xcode 9.3";
			developmentRegion = en;
			hasScannedForEncodings = 0;
			knownRegions = (
				en,
				Base,
			);
			mainGroup = 2896A51220AD89D200F3292A;
			productRefGroup = 2896A51C20AD89D300F3292A /* Products */;
			projectDirPath = "";
			projectRoot = "";
			targets = (
				2896A51A20AD89D300F3292A /* ArtStationClassic */,
				2896A52E20AD89D400F3292A /* ArtStationClassicTests */,
			);
		};
/* End PBXProject section */

/* Begin PBXResourcesBuildPhase section */
		2896A51920AD89D300F3292A /* Resources */ = {
			isa = PBXResourcesBuildPhase;
			buildActionMask = 2147483647;
			files = (
				2896A55220AD8D8C00F3292A /* OpenSans-Semibold.ttf in Resources */,
				2896A55320AD8D8C00F3292A /* OpenSans-SemiboldItalic.ttf in Resources */,
				2896A52920AD89D400F3292A /* LaunchScreen.storyboard in Resources */,
				2896A52620AD89D400F3292A /* Assets.xcassets in Resources */,
				2896A54E20AD8D8C00F3292A /* OpenSans-Light.ttf in Resources */,
				2896A52420AD89D300F3292A /* Main.storyboard in Resources */,
				2896A54D20AD8D8C00F3292A /* OpenSans-Regular.ttf in Resources */,
				2896A55120AD8D8C00F3292A /* OpenSans-LightItalic.ttf in Resources */,
				2896A54F20AD8D8C00F3292A /* OpenSans-Bold.ttf in Resources */,
				2896A54C20AD8D8C00F3292A /* OpenSans-Italic.ttf in Resources */,
				2896A55020AD8D8C00F3292A /* OpenSans-ExtraBoldItalic.ttf in Resources */,
				2896A54A20AD8D8C00F3292A /* OpenSans-ExtraBold.ttf in Resources */,
				2896A54B20AD8D8C00F3292A /* OpenSans-BoldItalic.ttf in Resources */,
			);
			runOnlyForDeploymentPostprocessing = 0;
		};
		2896A52D20AD89D400F3292A /* Resources */ = {
			isa = PBXResourcesBuildPhase;
			buildActionMask = 2147483647;
			files = (
				283B82F820AF2259006E76A8 /* projectsResponse.json in Resources */,
			);
			runOnlyForDeploymentPostprocessing = 0;
		};
/* End PBXResourcesBuildPhase section */

/* Begin PBXShellScriptBuildPhase section */
		281C2D2E20ADB0CC00B9FF7A /* TODO & FIXME Scripts */ = {
			isa = PBXShellScriptBuildPhase;
			buildActionMask = 2147483647;
			files = (
			);
			inputPaths = (
			);
			name = "TODO & FIXME Scripts";
			outputPaths = (
			);
			runOnlyForDeploymentPostprocessing = 0;
			shellPath = /bin/sh;
			shellScript = "KEYWORDS=\"TODO|FIXME|\\?\\?\\?:|\\!\\!\\!:\"\nfind \"${SRCROOT}\" \\( -name \"*.swift\" \\) -print0 | \\\nxargs -0 egrep --with-filename --line-number --only-matching \"($KEYWORDS).*\\$\" | \\\nperl -p -e \"s/($KEYWORDS)/ warning: \\$1/\"";
		};
/* End PBXShellScriptBuildPhase section */

/* Begin PBXSourcesBuildPhase section */
		2896A51720AD89D300F3292A /* Sources */ = {
			isa = PBXSourcesBuildPhase;
			buildActionMask = 2147483647;
			files = (
				28A3A18820B085320006415F /* NetworkManager.swift in Sources */,
				281C2D2920ADB03100B9FF7A /* URLSessionProtocol.swift in Sources */,
				28A3A18B20B08AD50006415F /* ImageOutputOperation.swift in Sources */,
				281C2D4220ADB55F00B9FF7A /* Project.swift in Sources */,
				281C2D3620ADB14900B9FF7A /* Parser.swift in Sources */,
				281C2D2D20ADB07100B9FF7A /* Request.swift in Sources */,
				2896A55A20ADA15B00F3292A /* AppFont.swift in Sources */,
				281C2D3320ADB11500B9FF7A /* ApiError.swift in Sources */,
				281C2D4420ADB55F00B9FF7A /* Cover.swift in Sources */,
				281C2D4020ADB55F00B9FF7A /* ProjectsRequestResponse.swift in Sources */,
				281C2D3A20ADB34E00B9FF7A /* ProjectsGetRequest.swift in Sources */,
				283B82F520AF2014006E76A8 /* FileNamager.swift in Sources */,
				283B82FA20AF55FF006E76A8 /* ProjectCell.swift in Sources */,
				283B82F120AF1E81006E76A8 /* ApiManagerImpl.swift in Sources */,
				2896A52120AD89D300F3292A /* ProjectsViewController.swift in Sources */,
				28A3A18620B083590006415F /* DataLoadOperation.swift in Sources */,
				281C2D3020ADB0FF00B9FF7A /* Response.swift in Sources */,
				2896A51F20AD89D300F3292A /* AppDelegate.swift in Sources */,
				28A3A17E20B0622C0006415F /* ImageLoaderProtocol.swift in Sources */,
				2896A55920ADA15B00F3292A /* AppColor.swift in Sources */,
				281C2D4920ADD34700B9FF7A /* ProjectViewModel.swift in Sources */,
				28A3A19020B09C1A0006415F /* ImageDecompressionOperation.swift in Sources */,
				28A3A18420B080FD0006415F /* AsyncOperation.swift in Sources */,
				2817F5C620B0BD640066614D /* Icons.swift in Sources */,
				283B82FC20AF6984006E76A8 /* ProjectDetailsViewController.swift in Sources */,
				281C2D2620ADB01600B9FF7A /* ApiManager.swift in Sources */,
				28A3A18020B07FB70006415F /* ImageProvider.swift in Sources */,
				281C2D4C20ADD5CC00B9FF7A /* ProjectServiceImpl.swift in Sources */,
				28A3A18D20B08B1E0006415F /* ImageProcessingOperation.swift in Sources */,
				28F8331C20ADA1C9002099C1 /* UIColor.swift in Sources */,
				281C2D4720ADD2B100B9FF7A /* ProjectService.swift in Sources */,
			);
			runOnlyForDeploymentPostprocessing = 0;
		};
		2896A52B20AD89D400F3292A /* Sources */ = {
			isa = PBXSourcesBuildPhase;
			buildActionMask = 2147483647;
			files = (
				281C2D3820ADB2F100B9FF7A /* ApiManagerImplAsyncTests.swift in Sources */,
				283B82F320AF1ECE006E76A8 /* ApiManagerMock.swift in Sources */,
				281C2D6E20AF1D4D00B9FF7A /* ProjectsServiceImplTests.swift in Sources */,
			);
			runOnlyForDeploymentPostprocessing = 0;
		};
/* End PBXSourcesBuildPhase section */

/* Begin PBXTargetDependency section */
		2896A53120AD89D400F3292A /* PBXTargetDependency */ = {
			isa = PBXTargetDependency;
			target = 2896A51A20AD89D300F3292A /* ArtStationClassic */;
			targetProxy = 2896A53020AD89D400F3292A /* PBXContainerItemProxy */;
		};
/* End PBXTargetDependency section */

/* Begin PBXVariantGroup section */
		2896A52220AD89D300F3292A /* Main.storyboard */ = {
			isa = PBXVariantGroup;
			children = (
				2896A52320AD89D300F3292A /* Base */,
			);
			name = Main.storyboard;
			sourceTree = "<group>";
		};
		2896A52720AD89D400F3292A /* LaunchScreen.storyboard */ = {
			isa = PBXVariantGroup;
			children = (
				2896A52820AD89D400F3292A /* Base */,
			);
			name = LaunchScreen.storyboard;
			sourceTree = "<group>";
		};
/* End PBXVariantGroup section */

/* Begin XCBuildConfiguration section */
		2896A53620AD89D400F3292A /* Debug */ = {
			isa = XCBuildConfiguration;
			buildSettings = {
				ALWAYS_SEARCH_USER_PATHS = NO;
				CLANG_ANALYZER_NONNULL = YES;
				CLANG_ANALYZER_NUMBER_OBJECT_CONVERSION = YES_AGGRESSIVE;
				CLANG_CXX_LANGUAGE_STANDARD = "gnu++14";
				CLANG_CXX_LIBRARY = "libc++";
				CLANG_ENABLE_MODULES = YES;
				CLANG_ENABLE_OBJC_ARC = YES;
				CLANG_ENABLE_OBJC_WEAK = YES;
				CLANG_WARN_BLOCK_CAPTURE_AUTORELEASING = YES;
				CLANG_WARN_BOOL_CONVERSION = YES;
				CLANG_WARN_COMMA = YES;
				CLANG_WARN_CONSTANT_CONVERSION = YES;
				CLANG_WARN_DEPRECATED_OBJC_IMPLEMENTATIONS = YES;
				CLANG_WARN_DIRECT_OBJC_ISA_USAGE = YES_ERROR;
				CLANG_WARN_DOCUMENTATION_COMMENTS = YES;
				CLANG_WARN_EMPTY_BODY = YES;
				CLANG_WARN_ENUM_CONVERSION = YES;
				CLANG_WARN_INFINITE_RECURSION = YES;
				CLANG_WARN_INT_CONVERSION = YES;
				CLANG_WARN_NON_LITERAL_NULL_CONVERSION = YES;
				CLANG_WARN_OBJC_IMPLICIT_RETAIN_SELF = YES;
				CLANG_WARN_OBJC_LITERAL_CONVERSION = YES;
				CLANG_WARN_OBJC_ROOT_CLASS = YES_ERROR;
				CLANG_WARN_RANGE_LOOP_ANALYSIS = YES;
				CLANG_WARN_STRICT_PROTOTYPES = YES;
				CLANG_WARN_SUSPICIOUS_MOVE = YES;
				CLANG_WARN_UNGUARDED_AVAILABILITY = YES_AGGRESSIVE;
				CLANG_WARN_UNREACHABLE_CODE = YES;
				CLANG_WARN__DUPLICATE_METHOD_MATCH = YES;
				CODE_SIGN_IDENTITY = "iPhone Developer";
				COPY_PHASE_STRIP = NO;
				DEBUG_INFORMATION_FORMAT = dwarf;
				ENABLE_STRICT_OBJC_MSGSEND = YES;
				ENABLE_TESTABILITY = YES;
				GCC_C_LANGUAGE_STANDARD = gnu11;
				GCC_DYNAMIC_NO_PIC = NO;
				GCC_NO_COMMON_BLOCKS = YES;
				GCC_OPTIMIZATION_LEVEL = 0;
				GCC_PREPROCESSOR_DEFINITIONS = (
					"DEBUG=1",
					"$(inherited)",
				);
				GCC_WARN_64_TO_32_BIT_CONVERSION = YES;
				GCC_WARN_ABOUT_RETURN_TYPE = YES_ERROR;
				GCC_WARN_UNDECLARED_SELECTOR = YES;
				GCC_WARN_UNINITIALIZED_AUTOS = YES_AGGRESSIVE;
				GCC_WARN_UNUSED_FUNCTION = YES;
				GCC_WARN_UNUSED_VARIABLE = YES;
				IPHONEOS_DEPLOYMENT_TARGET = 10.0;
				MTL_ENABLE_DEBUG_INFO = YES;
				ONLY_ACTIVE_ARCH = YES;
				SDKROOT = iphoneos;
				SWIFT_ACTIVE_COMPILATION_CONDITIONS = DEBUG;
				SWIFT_OPTIMIZATION_LEVEL = "-Onone";
			};
			name = Debug;
		};
		2896A53720AD89D400F3292A /* Release */ = {
			isa = XCBuildConfiguration;
			buildSettings = {
				ALWAYS_SEARCH_USER_PATHS = NO;
				CLANG_ANALYZER_NONNULL = YES;
				CLANG_ANALYZER_NUMBER_OBJECT_CONVERSION = YES_AGGRESSIVE;
				CLANG_CXX_LANGUAGE_STANDARD = "gnu++14";
				CLANG_CXX_LIBRARY = "libc++";
				CLANG_ENABLE_MODULES = YES;
				CLANG_ENABLE_OBJC_ARC = YES;
				CLANG_ENABLE_OBJC_WEAK = YES;
				CLANG_WARN_BLOCK_CAPTURE_AUTORELEASING = YES;
				CLANG_WARN_BOOL_CONVERSION = YES;
				CLANG_WARN_COMMA = YES;
				CLANG_WARN_CONSTANT_CONVERSION = YES;
				CLANG_WARN_DEPRECATED_OBJC_IMPLEMENTATIONS = YES;
				CLANG_WARN_DIRECT_OBJC_ISA_USAGE = YES_ERROR;
				CLANG_WARN_DOCUMENTATION_COMMENTS = YES;
				CLANG_WARN_EMPTY_BODY = YES;
				CLANG_WARN_ENUM_CONVERSION = YES;
				CLANG_WARN_INFINITE_RECURSION = YES;
				CLANG_WARN_INT_CONVERSION = YES;
				CLANG_WARN_NON_LITERAL_NULL_CONVERSION = YES;
				CLANG_WARN_OBJC_IMPLICIT_RETAIN_SELF = YES;
				CLANG_WARN_OBJC_LITERAL_CONVERSION = YES;
				CLANG_WARN_OBJC_ROOT_CLASS = YES_ERROR;
				CLANG_WARN_RANGE_LOOP_ANALYSIS = YES;
				CLANG_WARN_STRICT_PROTOTYPES = YES;
				CLANG_WARN_SUSPICIOUS_MOVE = YES;
				CLANG_WARN_UNGUARDED_AVAILABILITY = YES_AGGRESSIVE;
				CLANG_WARN_UNREACHABLE_CODE = YES;
				CLANG_WARN__DUPLICATE_METHOD_MATCH = YES;
				CODE_SIGN_IDENTITY = "iPhone Developer";
				COPY_PHASE_STRIP = NO;
				DEBUG_INFORMATION_FORMAT = "dwarf-with-dsym";
				ENABLE_NS_ASSERTIONS = NO;
				ENABLE_STRICT_OBJC_MSGSEND = YES;
				GCC_C_LANGUAGE_STANDARD = gnu11;
				GCC_NO_COMMON_BLOCKS = YES;
				GCC_WARN_64_TO_32_BIT_CONVERSION = YES;
				GCC_WARN_ABOUT_RETURN_TYPE = YES_ERROR;
				GCC_WARN_UNDECLARED_SELECTOR = YES;
				GCC_WARN_UNINITIALIZED_AUTOS = YES_AGGRESSIVE;
				GCC_WARN_UNUSED_FUNCTION = YES;
				GCC_WARN_UNUSED_VARIABLE = YES;
				IPHONEOS_DEPLOYMENT_TARGET = 10.0;
				MTL_ENABLE_DEBUG_INFO = NO;
				SDKROOT = iphoneos;
				SWIFT_COMPILATION_MODE = wholemodule;
				SWIFT_OPTIMIZATION_LEVEL = "-O";
				VALIDATE_PRODUCT = YES;
			};
			name = Release;
		};
		2896A53920AD89D400F3292A /* Debug */ = {
			isa = XCBuildConfiguration;
			buildSettings = {
				ASSETCATALOG_COMPILER_APPICON_NAME = AppIcon;
				CODE_SIGN_STYLE = Automatic;
				DEVELOPMENT_TEAM = 4Y4DUJVCEZ;
				INFOPLIST_FILE = ArtStationClassic/App/Info.plist;
				LD_RUNPATH_SEARCH_PATHS = (
					"$(inherited)",
					"@executable_path/Frameworks",
				);
				PRODUCT_BUNDLE_IDENTIFIER = "com.just-eng.ArtStationClassic";
				PRODUCT_NAME = "$(TARGET_NAME)";
				SWIFT_VERSION = 4.0;
				TARGETED_DEVICE_FAMILY = 1;
			};
			name = Debug;
		};
		2896A53A20AD89D400F3292A /* Release */ = {
			isa = XCBuildConfiguration;
			buildSettings = {
				ASSETCATALOG_COMPILER_APPICON_NAME = AppIcon;
				CODE_SIGN_STYLE = Automatic;
				DEVELOPMENT_TEAM = 4Y4DUJVCEZ;
				INFOPLIST_FILE = ArtStationClassic/App/Info.plist;
				LD_RUNPATH_SEARCH_PATHS = (
					"$(inherited)",
					"@executable_path/Frameworks",
				);
				PRODUCT_BUNDLE_IDENTIFIER = "com.just-eng.ArtStationClassic";
				PRODUCT_NAME = "$(TARGET_NAME)";
				SWIFT_VERSION = 4.0;
				TARGETED_DEVICE_FAMILY = 1;
			};
			name = Release;
		};
		2896A53C20AD89D400F3292A /* Debug */ = {
			isa = XCBuildConfiguration;
			buildSettings = {
				ALWAYS_EMBED_SWIFT_STANDARD_LIBRARIES = YES;
				BUNDLE_LOADER = "$(TEST_HOST)";
				CODE_SIGN_STYLE = Automatic;
				DEVELOPMENT_TEAM = 4Y4DUJVCEZ;
				INFOPLIST_FILE = ArtStationClassicTests/Info.plist;
				LD_RUNPATH_SEARCH_PATHS = (
					"$(inherited)",
					"@executable_path/Frameworks",
					"@loader_path/Frameworks",
				);
				PRODUCT_BUNDLE_IDENTIFIER = "com.just-eng.ArtStationClassicTests";
				PRODUCT_NAME = "$(TARGET_NAME)";
				SWIFT_VERSION = 4.0;
				TARGETED_DEVICE_FAMILY = "1,2";
				TEST_HOST = "$(BUILT_PRODUCTS_DIR)/ArtStationClassic.app/ArtStationClassic";
			};
			name = Debug;
		};
		2896A53D20AD89D400F3292A /* Release */ = {
			isa = XCBuildConfiguration;
			buildSettings = {
				ALWAYS_EMBED_SWIFT_STANDARD_LIBRARIES = YES;
				BUNDLE_LOADER = "$(TEST_HOST)";
				CODE_SIGN_STYLE = Automatic;
				DEVELOPMENT_TEAM = 4Y4DUJVCEZ;
				INFOPLIST_FILE = ArtStationClassicTests/Info.plist;
				LD_RUNPATH_SEARCH_PATHS = (
					"$(inherited)",
					"@executable_path/Frameworks",
					"@loader_path/Frameworks",
				);
				PRODUCT_BUNDLE_IDENTIFIER = "com.just-eng.ArtStationClassicTests";
				PRODUCT_NAME = "$(TARGET_NAME)";
				SWIFT_VERSION = 4.0;
				TARGETED_DEVICE_FAMILY = "1,2";
				TEST_HOST = "$(BUILT_PRODUCTS_DIR)/ArtStationClassic.app/ArtStationClassic";
			};
			name = Release;
		};
/* End XCBuildConfiguration section */

/* Begin XCConfigurationList section */
		2896A51620AD89D300F3292A /* Build configuration list for PBXProject "ArtStationClassic" */ = {
			isa = XCConfigurationList;
			buildConfigurations = (
				2896A53620AD89D400F3292A /* Debug */,
				2896A53720AD89D400F3292A /* Release */,
			);
			defaultConfigurationIsVisible = 0;
			defaultConfigurationName = Release;
		};
		2896A53820AD89D400F3292A /* Build configuration list for PBXNativeTarget "ArtStationClassic" */ = {
			isa = XCConfigurationList;
			buildConfigurations = (
				2896A53920AD89D400F3292A /* Debug */,
				2896A53A20AD89D400F3292A /* Release */,
			);
			defaultConfigurationIsVisible = 0;
			defaultConfigurationName = Release;
		};
		2896A53B20AD89D400F3292A /* Build configuration list for PBXNativeTarget "ArtStationClassicTests" */ = {
			isa = XCConfigurationList;
			buildConfigurations = (
				2896A53C20AD89D400F3292A /* Debug */,
				2896A53D20AD89D400F3292A /* Release */,
			);
			defaultConfigurationIsVisible = 0;
			defaultConfigurationName = Release;
		};
/* End XCConfigurationList section */
	};
	rootObject = 2896A51320AD89D300F3292A /* Project object */;
}
